hash: 6fb7700133eff7a9b195deba7a6196481e4b47394e2a8a2fb4b4cf32f793e86f
updated: 2018-03-08T02:12:41.201370774-05:00
imports:
- name: github.com/codegangsta/inject
  version: 33e0aa1cb7c019ccc3fbe049a8262a6403d30504
- name: github.com/codeskyblue/go-sh
  version: ceb46ec4630a726eeed51d0a70066c9e1102c48f
- name: github.com/otiai10/copy
  version: 7eeec08e0e56680b5a0f03cd5110394e25989cba
- name: github.com/ryanuber/columnize
  version: 0fbbb3f0e3fbdc5bae7c6cd5f6c1887ebfb76360
testImports: []
