hash: ea3013521152ffb4fb62f816e001b6c1998252680f268183e1b03a8884ac84db
updated: 2018-11-05T16:13:55.829279474-05:00
imports:
- name: github.com/joho/godotenv
  version: 23d116af351c84513e1946b527c88823e476be13
- name: github.com/ryanuber/columnize
  version: 0fbbb3f0e3fbdc5bae7c6cd5f6c1887ebfb76360
testImports: []
