hash: 84462ba8482aa8c12a928ab1851f212d558df5036311ec22469fdf86b77cbcad
updated: 2017-07-25T23:17:54.615885635-04:00
imports:
- name: github.com/alexquick/godotenv
  version: 84c21eea73c643434a7b128dab043ffea44b80d9
- name: github.com/ryanuber/columnize
  version: abc90934186a77966e2beeac62ed966aac0561d5
testImports: []
