github.com/codegangsta/inject v0.0.0-20150114235600-33e0aa1cb7c0 h1:sDMmm+q/3+BukdIpxwO365v/Rbspp2Nt5XntgQRXq8Q=
github.com/codegangsta/inject v0.0.0-20150114235600-33e0aa1cb7c0/go.mod h1:4Zcjuz89kmFXt9morQgcfYZAYZ5n8WHjt81YYWIwtTM=
github.com/codeskyblue/go-sh v0.0.0-20190412065543-76bd3d59ff27 h1:HHUr4P/aKh4quafGxDT9LDasjGdlGkzLbfmmrlng3kA=
github.com/codeskyblue/go-sh v0.0.0-20190412065543-76bd3d59ff27/go.mod h1:VQx0hjo2oUeQkQUET7wRwradO6f+fN5jzXgB/zROxxE=
github.com/dokku/dokku v0.21.4 h1:WG0hyPzNqKqoQXuI7H/N+cWX9B7mAxTW6Yop40BjCQk=
github.com/joho/godotenv v1.2.0 h1:vGTvz69FzUFp+X4/bAkb0j5BoLC+9bpqTWY8mjhA9pc=
github.com/joho/godotenv v1.2.0/go.mod h1:7hK45KPybAkOC6peb+G5yklZfMxEjkZhHbwpqxOKXbg=
github.com/kballard/go-shellquote v0.0.0-20180428030007-95032a82bc51/go.mod h1:CzGEWj7cYgsdH8dAjBGEr58BoE7ScuLd+fwFZ44+/x8=
github.com/ryanuber/columnize v1.1.2-0.20190319233515-9e6335e58db3 h1:utdYOikI1XjNtTFGCwSM6OmFJblU4ld4gACoJsbadJg=
github.com/ryanuber/columnize v1.1.2-0.20190319233515-9e6335e58db3/go.mod h1:sm1tb6uqfes/u+d4ooFouqFdy9/2g9QGwK3SQygK0Ts=
